{
  "version": 4,
  "terraform_version": "1.8.2",
  "serial": 5,
  "lineage": "c002262a-9df4-3f32-c1ea-3e3c71f69e30",
  "outputs": {},
  "resources": [
    {
      "mode": "data",
      "type": "archive_file",
      "name": "default",
      "provider": "provider[\"registry.terraform.io/hashicorp/archive\"]",
      "instances": [
        {
          "schema_version": 0,
          "attributes": {
            "exclude_symlink_directories": null,
            "excludes": null,
            "id": "f6248ef554d7bcfab4b4bf70e9b059f7f510b57d",
            "output_base64sha256": "4f6cxLmcuIKWPXkjJy33gZqhP5DBHiUnNhoL0Zkj6Ow=",
            "output_base64sha512": "UUKgy+AAtRVNInbFBG73M5UbFuzgb+WlsikZ3bKwvJu+32IcG1i3szr0j0F4eEYMWy4hICg6+mr+L8wrVXcjKA==",
            "output_file_mode": null,
            "output_md5": "cb5a3dc7db1781e916c05dfc91f71820",
            "output_path": "./main.zip",
            "output_sha": "f6248ef554d7bcfab4b4bf70e9b059f7f510b57d",
            "output_sha256": "e1fe9cc4b99cb882963d7923272df7819aa13f90c11e2527361a0bd19923e8ec",
            "output_sha512": "5142a0cbe000b5154d2276c5046ef733951b16ece06fe5a5b22919ddb2b0bc9bbedf621c1b58b7b33af48f417878460c5b2e2120283afa6afe2fcc2b55772328",
            "output_size": 221,
            "source": [],
            "source_content": null,
            "source_content_filename": null,
            "source_dir": "./src",
            "source_file": null,
            "type": "zip"
          },
          "sensitive_attributes": []
        }
      ]
    },
    {
      "mode": "managed",
      "type": "google_cloudfunctions2_function",
      "name": "default",
      "provider": "provider[\"registry.terraform.io/hashicorp/google\"]",
      "instances": [
        {
          "status": "tainted",
          "schema_version": 0,
          "attributes": {
            "build_config": [
              {
                "build": "",
                "docker_repository": "",
                "entry_point": "main",
                "environment_variables": {},
                "runtime": "python39",
                "service_account": "",
                "source": [
                  {
                    "repo_source": [],
                    "storage_source": [
                      {
                        "bucket": "e3a895bfa003508a-gcf-source",
                        "generation": 0,
                        "object": "main.zip"
                      }
                    ]
                  }
                ],
                "worker_pool": ""
              }
            ],
            "description": "A new function",
            "effective_labels": null,
            "environment": null,
            "event_trigger": [],
            "id": "projects/zuu-infra/locations/asia-northeast1/functions/function-v4",
            "kms_key_name": null,
            "labels": null,
            "location": "asia-northeast1",
            "name": "function-v4",
            "project": "zuu-infra",
            "service_config": [
              {
                "all_traffic_on_latest_revision": true,
                "available_cpu": "",
                "available_memory": "256M",
                "environment_variables": null,
                "gcf_uri": "",
                "ingress_settings": "ALLOW_ALL",
                "max_instance_count": 1,
                "max_instance_request_concurrency": 0,
                "min_instance_count": 0,
                "secret_environment_variables": [],
                "secret_volumes": [],
                "service": "",
                "service_account_email": "biwa-tutorial@zuu-infra.iam.gserviceaccount.com",
                "timeout_seconds": 60,
                "uri": "",
                "vpc_connector": "",
                "vpc_connector_egress_settings": ""
              }
            ],
            "state": null,
            "terraform_labels": null,
            "timeouts": null,
            "update_time": null,
            "url": null
          },
          "sensitive_attributes": [],
          "private": "eyJlMmJmYjczMC1lY2FhLTExZTYtOGY4OC0zNDM2M2JjN2M0YzAiOnsiY3JlYXRlIjozNjAwMDAwMDAwMDAwLCJkZWxldGUiOjM2MDAwMDAwMDAwMDAsInVwZGF0ZSI6MzYwMDAwMDAwMDAwMH19",
          "dependencies": [
            "google_storage_bucket.default",
            "google_storage_bucket_object.object",
            "random_id.default"
          ]
        }
      ]
    },
    {
      "mode": "managed",
      "type": "google_storage_bucket",
      "name": "default",
      "provider": "provider[\"registry.terraform.io/hashicorp/google\"]",
      "instances": [
        {
          "schema_version": 1,
          "attributes": {
            "autoclass": [],
            "cors": [],
            "custom_placement_config": [],
            "default_event_based_hold": false,
            "effective_labels": {},
            "enable_object_retention": false,
            "encryption": [],
            "force_destroy": false,
            "id": "e3a895bfa003508a-gcf-source",
            "labels": null,
            "lifecycle_rule": [],
            "location": "ASIA-NORTHEAST1",
            "logging": [],
            "name": "e3a895bfa003508a-gcf-source",
            "project": "zuu-infra",
            "project_number": 259543728979,
            "public_access_prevention": "inherited",
            "requester_pays": false,
            "retention_policy": [],
            "rpo": null,
            "self_link": "https://www.googleapis.com/storage/v1/b/e3a895bfa003508a-gcf-source",
            "soft_delete_policy": [
              {
                "effective_time": "2024-05-09T06:43:08.977Z",
                "retention_duration_seconds": 604800
              }
            ],
            "storage_class": "STANDARD",
            "terraform_labels": {},
            "timeouts": null,
            "uniform_bucket_level_access": true,
            "url": "gs://e3a895bfa003508a-gcf-source",
            "versioning": [],
            "website": []
          },
          "sensitive_attributes": [],
          "private": "eyJlMmJmYjczMC1lY2FhLTExZTYtOGY4OC0zNDM2M2JjN2M0YzAiOnsiY3JlYXRlIjo2MDAwMDAwMDAwMDAsInJlYWQiOjI0MDAwMDAwMDAwMCwidXBkYXRlIjoyNDAwMDAwMDAwMDB9LCJzY2hlbWFfdmVyc2lvbiI6IjEifQ==",
          "dependencies": [
            "random_id.default"
          ]
        }
      ]
    },
    {
      "mode": "managed",
      "type": "google_storage_bucket_object",
      "name": "object",
      "provider": "provider[\"registry.terraform.io/hashicorp/google\"]",
      "instances": [
        {
          "schema_version": 0,
          "attributes": {
            "bucket": "e3a895bfa003508a-gcf-source",
            "cache_control": "",
            "content": null,
            "content_disposition": "",
            "content_encoding": "",
            "content_language": "",
            "content_type": "application/zip",
            "crc32c": "pJPCmw==",
            "customer_encryption": [],
            "detect_md5hash": "y1o9x9sXgekWwF38kfcYIA==",
            "event_based_hold": false,
            "id": "e3a895bfa003508a-gcf-source-main.zip",
            "kms_key_name": "",
            "md5hash": "y1o9x9sXgekWwF38kfcYIA==",
            "media_link": "https://storage.googleapis.com/download/storage/v1/b/e3a895bfa003508a-gcf-source/o/main.zip?generation=1715236989260877\u0026alt=media",
            "metadata": null,
            "name": "main.zip",
            "output_name": "main.zip",
            "retention": [],
            "self_link": "https://www.googleapis.com/storage/v1/b/e3a895bfa003508a-gcf-source/o/main.zip",
            "source": "/Users/taishiro.murata/learn-terraform-gcp/main.zip",
            "storage_class": "STANDARD",
            "temporary_hold": false,
            "timeouts": null
          },
          "sensitive_attributes": [
            [
              {
                "type": "get_attr",
                "value": "content"
              }
            ]
          ],
          "private": "eyJlMmJmYjczMC1lY2FhLTExZTYtOGY4OC0zNDM2M2JjN2M0YzAiOnsiY3JlYXRlIjoyNDAwMDAwMDAwMDAsImRlbGV0ZSI6MjQwMDAwMDAwMDAwLCJ1cGRhdGUiOjI0MDAwMDAwMDAwMH19",
          "dependencies": [
            "google_storage_bucket.default",
            "random_id.default"
          ]
        }
      ]
    },
    {
      "mode": "managed",
      "type": "random_id",
      "name": "default",
      "provider": "provider[\"registry.terraform.io/hashicorp/random\"]",
      "instances": [
        {
          "schema_version": 0,
          "attributes": {
            "b64_std": "46iVv6ADUIo=",
            "b64_url": "46iVv6ADUIo",
            "byte_length": 8,
            "dec": "16404526292952895626",
            "hex": "e3a895bfa003508a",
            "id": "46iVv6ADUIo",
            "keepers": null,
            "prefix": null
          },
          "sensitive_attributes": []
        }
      ]
    }
  ],
  "check_results": null
}
