{
  "version": 4,
  "terraform_version": "1.8.2",
  "serial": 34,
  "lineage": "d44a4bbb-71e3-2cab-cfdf-87e3f65cb72a",
  "outputs": {
    "function_uri": {
      "value": "https://function-v4-nnlvcifaxa-an.a.run.app",
      "type": "string"
    }
  },
  "resources": [
    {
      "mode": "data",
      "type": "archive_file",
      "name": "default",
      "provider": "provider[\"registry.terraform.io/hashicorp/archive\"]",
      "instances": [
        {
          "schema_version": 0,
          "attributes": {
            "exclude_symlink_directories": null,
            "excludes": null,
            "id": "fc7b88481b5c2821638681df4c1dc34bf2fb213f",
            "output_base64sha256": "WPyDEV3mvcjAzyUROcGmM8nh8jUbhiNaOKvwyuPjCa0=",
            "output_base64sha512": "AxQcPCiAhgmecH3mgN/kTnFA206UnFvarE9QblrvZOmKhsSZ30VqXcGno2JQYSNMsqqjXaQpcwpXtLLYc8fSmw==",
            "output_file_mode": null,
            "output_md5": "c5073117de058e78cf1241e9f33fbf68",
            "output_path": "./main.zip",
            "output_sha": "fc7b88481b5c2821638681df4c1dc34bf2fb213f",
            "output_sha256": "58fc83115de6bdc8c0cf251139c1a633c9e1f2351b86235a38abf0cae3e309ad",
            "output_sha512": "03141c3c288086099e707de680dfe44e7140db4e949c5bdaac4f506e5aef64e98a86c499df456a5dc1a7a3625061234cb2aaa35da429730a57b4b2d873c7d29b",
            "output_size": 2204,
            "source": [],
            "source_content": null,
            "source_content_filename": null,
            "source_dir": "./src",
            "source_file": null,
            "type": "zip"
          },
          "sensitive_attributes": []
        }
      ]
    },
    {
      "mode": "managed",
      "type": "google_cloud_run_service_iam_member",
      "name": "member",
      "provider": "provider[\"registry.terraform.io/hashicorp/google\"]",
      "instances": [
        {
          "schema_version": 0,
          "attributes": {
            "condition": [],
            "etag": "BwYYAd8RYno=",
            "id": "v1/projects/zuu-infra/locations/asia-northeast1/services/function-v4/roles/run.invoker/allUsers",
            "location": "asia-northeast1",
            "member": "allUsers",
            "project": "zuu-infra",
            "role": "roles/run.invoker",
            "service": "v1/projects/zuu-infra/locations/asia-northeast1/services/function-v4"
          },
          "sensitive_attributes": [],
          "private": "bnVsbA==",
          "dependencies": [
            "data.archive_file.default",
            "google_cloudfunctions2_function.default",
            "google_storage_bucket.default",
            "google_storage_bucket_object.object"
          ]
        }
      ]
    },
    {
      "mode": "managed",
      "type": "google_cloudfunctions2_function",
      "name": "default",
      "provider": "provider[\"registry.terraform.io/hashicorp/google\"]",
      "instances": [
        {
          "schema_version": 0,
          "attributes": {
            "build_config": [
              {
                "build": "projects/259543728979/locations/asia-northeast1/builds/4ab958d3-53fd-4caf-9ba2-ac07c2479de4",
                "docker_repository": "projects/zuu-infra/locations/asia-northeast1/repositories/gcf-artifacts",
                "entry_point": "main",
                "environment_variables": {},
                "runtime": "python39",
                "service_account": "",
                "source": [
                  {
                    "repo_source": [],
                    "storage_source": [
                      {
                        "bucket": "murata-gcf-source",
                        "generation": 1715249476585512,
                        "object": "c5073117de058e78cf1241e9f33fbf68.zip"
                      }
                    ]
                  }
                ],
                "worker_pool": ""
              }
            ],
            "description": "A new function",
            "effective_labels": {},
            "environment": "GEN_2",
            "event_trigger": [],
            "id": "projects/zuu-infra/locations/asia-northeast1/functions/function-v4",
            "kms_key_name": "",
            "labels": {},
            "location": "asia-northeast1",
            "name": "function-v4",
            "project": "zuu-infra",
            "service_config": [
              {
                "all_traffic_on_latest_revision": true,
                "available_cpu": "0.1666",
                "available_memory": "256M",
                "environment_variables": {},
                "gcf_uri": "",
                "ingress_settings": "ALLOW_ALL",
                "max_instance_count": 1,
                "max_instance_request_concurrency": 1,
                "min_instance_count": 0,
                "secret_environment_variables": [],
                "secret_volumes": [],
                "service": "projects/zuu-infra/locations/asia-northeast1/services/function-v4",
                "service_account_email": "biwa-tutorial@zuu-infra.iam.gserviceaccount.com",
                "timeout_seconds": 60,
                "uri": "https://function-v4-nnlvcifaxa-an.a.run.app",
                "vpc_connector": "",
                "vpc_connector_egress_settings": ""
              }
            ],
            "state": "ACTIVE",
            "terraform_labels": {},
            "timeouts": null,
            "update_time": "2024-05-09T10:12:05.971125429Z",
            "url": "https://asia-northeast1-zuu-infra.cloudfunctions.net/function-v4"
          },
          "sensitive_attributes": [],
          "private": "eyJlMmJmYjczMC1lY2FhLTExZTYtOGY4OC0zNDM2M2JjN2M0YzAiOnsiY3JlYXRlIjozNjAwMDAwMDAwMDAwLCJkZWxldGUiOjM2MDAwMDAwMDAwMDAsInVwZGF0ZSI6MzYwMDAwMDAwMDAwMH19",
          "dependencies": [
            "data.archive_file.default",
            "google_storage_bucket.default",
            "google_storage_bucket_object.object"
          ]
        }
      ]
    },
    {
      "mode": "managed",
      "type": "google_storage_bucket",
      "name": "default",
      "provider": "provider[\"registry.terraform.io/hashicorp/google\"]",
      "instances": [
        {
          "schema_version": 1,
          "attributes": {
            "autoclass": [],
            "cors": [],
            "custom_placement_config": [],
            "default_event_based_hold": false,
            "effective_labels": {},
            "enable_object_retention": false,
            "encryption": [],
            "force_destroy": false,
            "id": "murata-gcf-source",
            "labels": {},
            "lifecycle_rule": [],
            "location": "ASIA-NORTHEAST1",
            "logging": [],
            "name": "murata-gcf-source",
            "project": "zuu-infra",
            "project_number": 259543728979,
            "public_access_prevention": "inherited",
            "requester_pays": false,
            "retention_policy": [],
            "rpo": null,
            "self_link": "https://www.googleapis.com/storage/v1/b/murata-gcf-source",
            "soft_delete_policy": [
              {
                "effective_time": "2024-05-09T09:37:08.526Z",
                "retention_duration_seconds": 604800
              }
            ],
            "storage_class": "STANDARD",
            "terraform_labels": {},
            "timeouts": null,
            "uniform_bucket_level_access": true,
            "url": "gs://murata-gcf-source",
            "versioning": [],
            "website": []
          },
          "sensitive_attributes": [],
          "private": "eyJlMmJmYjczMC1lY2FhLTExZTYtOGY4OC0zNDM2M2JjN2M0YzAiOnsiY3JlYXRlIjo2MDAwMDAwMDAwMDAsInJlYWQiOjI0MDAwMDAwMDAwMCwidXBkYXRlIjoyNDAwMDAwMDAwMDB9LCJzY2hlbWFfdmVyc2lvbiI6IjEifQ=="
        }
      ]
    },
    {
      "mode": "managed",
      "type": "google_storage_bucket_object",
      "name": "object",
      "provider": "provider[\"registry.terraform.io/hashicorp/google\"]",
      "instances": [
        {
          "schema_version": 0,
          "attributes": {
            "bucket": "murata-gcf-source",
            "cache_control": "",
            "content": null,
            "content_disposition": "",
            "content_encoding": "",
            "content_language": "",
            "content_type": "application/zip",
            "crc32c": "CA962w==",
            "customer_encryption": [],
            "detect_md5hash": "xQcxF94FjnjPEkHp8z+/aA==",
            "event_based_hold": false,
            "id": "murata-gcf-source-c5073117de058e78cf1241e9f33fbf68.zip",
            "kms_key_name": "",
            "md5hash": "xQcxF94FjnjPEkHp8z+/aA==",
            "media_link": "https://storage.googleapis.com/download/storage/v1/b/murata-gcf-source/o/c5073117de058e78cf1241e9f33fbf68.zip?generation=1715249475058044\u0026alt=media",
            "metadata": null,
            "name": "c5073117de058e78cf1241e9f33fbf68.zip",
            "output_name": "c5073117de058e78cf1241e9f33fbf68.zip",
            "retention": [],
            "self_link": "https://www.googleapis.com/storage/v1/b/murata-gcf-source/o/c5073117de058e78cf1241e9f33fbf68.zip",
            "source": "/Users/taishiro.murata/learn-terraform-gcp/main.zip",
            "storage_class": "STANDARD",
            "temporary_hold": false,
            "timeouts": null
          },
          "sensitive_attributes": [
            [
              {
                "type": "get_attr",
                "value": "content"
              }
            ]
          ],
          "private": "eyJlMmJmYjczMC1lY2FhLTExZTYtOGY4OC0zNDM2M2JjN2M0YzAiOnsiY3JlYXRlIjoyNDAwMDAwMDAwMDAsImRlbGV0ZSI6MjQwMDAwMDAwMDAwLCJ1cGRhdGUiOjI0MDAwMDAwMDAwMH19",
          "dependencies": [
            "data.archive_file.default",
            "google_storage_bucket.default"
          ]
        }
      ]
    }
  ],
  "check_results": null
}
